// !$*UTF8*$!
{
	archiveVersion = 1;
	classes = {
	};
	objectVersion = 50;
	objects = {

/* Begin PBXBuildFile section */
		576FD55B222D787F006AB21A /* AppDelegate.swift in Sources */ = {isa = PBXBuildFile; fileRef = 576FD55A222D787F006AB21A /* AppDelegate.swift */; };
		576FD55D222D787F006AB21A /* ViewController.swift in Sources */ = {isa = PBXBuildFile; fileRef = 576FD55C222D787F006AB21A /* ViewController.swift */; };
		576FD560222D787F006AB21A /* Main.storyboard in Resources */ = {isa = PBXBuildFile; fileRef = 576FD55E222D787F006AB21A /* Main.storyboard */; };
		576FD562222D7881006AB21A /* Assets.xcassets in Resources */ = {isa = PBXBuildFile; fileRef = 576FD561222D7881006AB21A /* Assets.xcassets */; };
		576FD565222D7881006AB21A /* LaunchScreen.storyboard in Resources */ = {isa = PBXBuildFile; fileRef = 576FD563222D7881006AB21A /* LaunchScreen.storyboard */; };
		576FD570222D7881006AB21A /* dot_artTests.swift in Sources */ = {isa = PBXBuildFile; fileRef = 576FD56F222D7881006AB21A /* dot_artTests.swift */; };
		576FD57B222D7881006AB21A /* dot_artUITests.swift in Sources */ = {isa = PBXBuildFile; fileRef = 576FD57A222D7881006AB21A /* dot_artUITests.swift */; };
/* End PBXBuildFile section */

/* Begin PBXContainerItemProxy section */
		576FD56C222D7881006AB21A /* PBXContainerItemProxy */ = {
			isa = PBXContainerItemProxy;
			containerPortal = 576FD54F222D787E006AB21A /* Project object */;
			proxyType = 1;
			remoteGlobalIDString = 576FD556222D787E006AB21A;
			remoteInfo = dot_art;
		};
		576FD577222D7881006AB21A /* PBXContainerItemProxy */ = {
			isa = PBXContainerItemProxy;
			containerPortal = 576FD54F222D787E006AB21A /* Project object */;
			proxyType = 1;
			remoteGlobalIDString = 576FD556222D787E006AB21A;
			remoteInfo = dot_art;
		};
/* End PBXContainerItemProxy section */

/* Begin PBXFileReference section */
		576FD557222D787E006AB21A /* dot_art.app */ = {isa = PBXFileReference; explicitFileType = wrapper.application; includeInIndex = 0; path = dot_art.app; sourceTree = BUILT_PRODUCTS_DIR; };
		576FD55A222D787F006AB21A /* AppDelegate.swift */ = {isa = PBXFileReference; lastKnownFileType = sourcecode.swift; path = AppDelegate.swift; sourceTree = "<group>"; };
		576FD55C222D787F006AB21A /* ViewController.swift */ = {isa = PBXFileReference; lastKnownFileType = sourcecode.swift; path = ViewController.swift; sourceTree = "<group>"; };
		576FD55F222D787F006AB21A /* Base */ = {isa = PBXFileReference; lastKnownFileType = file.storyboard; name = Base; path = Base.lproj/Main.storyboard; sourceTree = "<group>"; };
		576FD561222D7881006AB21A /* Assets.xcassets */ = {isa = PBXFileReference; lastKnownFileType = folder.assetcatalog; path = Assets.xcassets; sourceTree = "<group>"; };
		576FD564222D7881006AB21A /* Base */ = {isa = PBXFileReference; lastKnownFileType = file.storyboard; name = Base; path = Base.lproj/LaunchScreen.storyboard; sourceTree = "<group>"; };
		576FD566222D7881006AB21A /* Info.plist */ = {isa = PBXFileReference; lastKnownFileType = text.plist.xml; path = Info.plist; sourceTree = "<group>"; };
		576FD56B222D7881006AB21A /* dot_artTests.xctest */ = {isa = PBXFileReference; explicitFileType = wrapper.cfbundle; includeInIndex = 0; path = dot_artTests.xctest; sourceTree = BUILT_PRODUCTS_DIR; };
		576FD56F222D7881006AB21A /* dot_artTests.swift */ = {isa = PBXFileReference; lastKnownFileType = sourcecode.swift; path = dot_artTests.swift; sourceTree = "<group>"; };
		576FD571222D7881006AB21A /* Info.plist */ = {isa = PBXFileReference; lastKnownFileType = text.plist.xml; path = Info.plist; sourceTree = "<group>"; };
		576FD576222D7881006AB21A /* dot_artUITests.xctest */ = {isa = PBXFileReference; explicitFileType = wrapper.cfbundle; includeInIndex = 0; path = dot_artUITests.xctest; sourceTree = BUILT_PRODUCTS_DIR; };
		576FD57A222D7881006AB21A /* dot_artUITests.swift */ = {isa = PBXFileReference; lastKnownFileType = sourcecode.swift; path = dot_artUITests.swift; sourceTree = "<group>"; };
		576FD57C222D7881006AB21A /* Info.plist */ = {isa = PBXFileReference; lastKnownFileType = text.plist.xml; path = Info.plist; sourceTree = "<group>"; };
/* End PBXFileReference section */

/* Begin PBXFrameworksBuildPhase section */
		576FD554222D787E006AB21A /* Frameworks */ = {
			isa = PBXFrameworksBuildPhase;
			buildActionMask = 2147483647;
			files = (
			);
			runOnlyForDeploymentPostprocessing = 0;
		};
		576FD568222D7881006AB21A /* Frameworks */ = {
			isa = PBXFrameworksBuildPhase;
			buildActionMask = 2147483647;
			files = (
			);
			runOnlyForDeploymentPostprocessing = 0;
		};
		576FD573222D7881006AB21A /* Frameworks */ = {
			isa = PBXFrameworksBuildPhase;
			buildActionMask = 2147483647;
			files = (
			);
			runOnlyForDeploymentPostprocessing = 0;
		};
/* End PBXFrameworksBuildPhase section */

/* Begin PBXGroup section */
		576FD54E222D787E006AB21A = {
			isa = PBXGroup;
			children = (
				576FD559222D787E006AB21A /* dot_art */,
				576FD56E222D7881006AB21A /* dot_artTests */,
				576FD579222D7881006AB21A /* dot_artUITests */,
				576FD558222D787E006AB21A /* Products */,
			);
			sourceTree = "<group>";
		};
		576FD558222D787E006AB21A /* Products */ = {
			isa = PBXGroup;
			children = (
				576FD557222D787E006AB21A /* dot_art.app */,
				576FD56B222D7881006AB21A /* dot_artTests.xctest */,
				576FD576222D7881006AB21A /* dot_artUITests.xctest */,
			);
			name = Products;
			sourceTree = "<group>";
		};
		576FD559222D787E006AB21A /* dot_art */ = {
			isa = PBXGroup;
			children = (
				576FD55A222D787F006AB21A /* AppDelegate.swift */,
				576FD55C222D787F006AB21A /* ViewController.swift */,
				576FD55E222D787F006AB21A /* Main.storyboard */,
				576FD561222D7881006AB21A /* Assets.xcassets */,
				576FD563222D7881006AB21A /* LaunchScreen.storyboard */,
				576FD566222D7881006AB21A /* Info.plist */,
			);
			path = dot_art;
			sourceTree = "<group>";
		};
		576FD56E222D7881006AB21A /* dot_artTests */ = {
			isa = PBXGroup;
			children = (
				576FD56F222D7881006AB21A /* dot_artTests.swift */,
				576FD571222D7881006AB21A /* Info.plist */,
			);
			path = dot_artTests;
			sourceTree = "<group>";
		};
		576FD579222D7881006AB21A /* dot_artUITests */ = {
			isa = PBXGroup;
			children = (
				576FD57A222D7881006AB21A /* dot_artUITests.swift */,
				576FD57C222D7881006AB21A /* Info.plist */,
			);
			path = dot_artUITests;
			sourceTree = "<group>";
		};
/* End PBXGroup section */

/* Begin PBXNativeTarget section */
		576FD556222D787E006AB21A /* dot_art */ = {
			isa = PBXNativeTarget;
			buildConfigurationList = 576FD57F222D7881006AB21A /* Build configuration list for PBXNativeTarget "dot_art" */;
			buildPhases = (
				576FD553222D787E006AB21A /* Sources */,
				576FD554222D787E006AB21A /* Frameworks */,
				576FD555222D787E006AB21A /* Resources */,
			);
			buildRules = (
			);
			dependencies = (
			);
			name = dot_art;
			productName = dot_art;
			productReference = 576FD557222D787E006AB21A /* dot_art.app */;
			productType = "com.apple.product-type.application";
		};
		576FD56A222D7881006AB21A /* dot_artTests */ = {
			isa = PBXNativeTarget;
			buildConfigurationList = 576FD582222D7881006AB21A /* Build configuration list for PBXNativeTarget "dot_artTests" */;
			buildPhases = (
				576FD567222D7881006AB21A /* Sources */,
				576FD568222D7881006AB21A /* Frameworks */,
				576FD569222D7881006AB21A /* Resources */,
			);
			buildRules = (
			);
			dependencies = (
				576FD56D222D7881006AB21A /* PBXTargetDependency */,
			);
			name = dot_artTests;
			productName = dot_artTests;
			productReference = 576FD56B222D7881006AB21A /* dot_artTests.xctest */;
			productType = "com.apple.product-type.bundle.unit-test";
		};
		576FD575222D7881006AB21A /* dot_artUITests */ = {
			isa = PBXNativeTarget;
			buildConfigurationList = 576FD585222D7881006AB21A /* Build configuration list for PBXNativeTarget "dot_artUITests" */;
			buildPhases = (
				576FD572222D7881006AB21A /* Sources */,
				576FD573222D7881006AB21A /* Frameworks */,
				576FD574222D7881006AB21A /* Resources */,
			);
			buildRules = (
			);
			dependencies = (
				576FD578222D7881006AB21A /* PBXTargetDependency */,
			);
			name = dot_artUITests;
			productName = dot_artUITests;
			productReference = 576FD576222D7881006AB21A /* dot_artUITests.xctest */;
			productType = "com.apple.product-type.bundle.ui-testing";
		};
/* End PBXNativeTarget section */

/* Begin PBXProject section */
		576FD54F222D787E006AB21A /* Project object */ = {
			isa = PBXProject;
			attributes = {
				LastSwiftUpdateCheck = 1010;
				LastUpgradeCheck = 1010;
				ORGANIZATIONNAME = river;
				TargetAttributes = {
					576FD556222D787E006AB21A = {
						CreatedOnToolsVersion = 10.1;
					};
					576FD56A222D7881006AB21A = {
						CreatedOnToolsVersion = 10.1;
						TestTargetID = 576FD556222D787E006AB21A;
					};
					576FD575222D7881006AB21A = {
						CreatedOnToolsVersion = 10.1;
						TestTargetID = 576FD556222D787E006AB21A;
					};
				};
			};
			buildConfigurationList = 576FD552222D787E006AB21A /* Build configuration list for PBXProject "dot_art" */;
			compatibilityVersion = "Xcode 9.3";
			developmentRegion = en;
			hasScannedForEncodings = 0;
			knownRegions = (
				en,
				Base,
			);
			mainGroup = 576FD54E222D787E006AB21A;
			productRefGroup = 576FD558222D787E006AB21A /* Products */;
			projectDirPath = "";
			projectRoot = "";
			targets = (
				576FD556222D787E006AB21A /* dot_art */,
				576FD56A222D7881006AB21A /* dot_artTests */,
				576FD575222D7881006AB21A /* dot_artUITests */,
			);
		};
/* End PBXProject section */

/* Begin PBXResourcesBuildPhase section */
		576FD555222D787E006AB21A /* Resources */ = {
			isa = PBXResourcesBuildPhase;
			buildActionMask = 2147483647;
			files = (
				576FD565222D7881006AB21A /* LaunchScreen.storyboard in Resources */,
				576FD562222D7881006AB21A /* Assets.xcassets in Resources */,
				576FD560222D787F006AB21A /* Main.storyboard in Resources */,
			);
			runOnlyForDeploymentPostprocessing = 0;
		};
		576FD569222D7881006AB21A /* Resources */ = {
			isa = PBXResourcesBuildPhase;
			buildActionMask = 2147483647;
			files = (
			);
			runOnlyForDeploymentPostprocessing = 0;
		};
		576FD574222D7881006AB21A /* Resources */ = {
			isa = PBXResourcesBuildPhase;
			buildActionMask = 2147483647;
			files = (
			);
			runOnlyForDeploymentPostprocessing = 0;
		};
/* End PBXResourcesBuildPhase section */

/* Begin PBXSourcesBuildPhase section */
		576FD553222D787E006AB21A /* Sources */ = {
			isa = PBXSourcesBuildPhase;
			buildActionMask = 2147483647;
			files = (
				576FD55D222D787F006AB21A /* ViewController.swift in Sources */,
				576FD55B222D787F006AB21A /* AppDelegate.swift in Sources */,
			);
			runOnlyForDeploymentPostprocessing = 0;
		};
		576FD567222D7881006AB21A /* Sources */ = {
			isa = PBXSourcesBuildPhase;
			buildActionMask = 2147483647;
			files = (
				576FD570222D7881006AB21A /* dot_artTests.swift in Sources */,
			);
			runOnlyForDeploymentPostprocessing = 0;
		};
		576FD572222D7881006AB21A /* Sources */ = {
			isa = PBXSourcesBuildPhase;
			buildActionMask = 2147483647;
			files = (
				576FD57B222D7881006AB21A /* dot_artUITests.swift in Sources */,
			);
			runOnlyForDeploymentPostprocessing = 0;
		};
/* End PBXSourcesBuildPhase section */

/* Begin PBXTargetDependency section */
		576FD56D222D7881006AB21A /* PBXTargetDependency */ = {
			isa = PBXTargetDependency;
			target = 576FD556222D787E006AB21A /* dot_art */;
			targetProxy = 576FD56C222D7881006AB21A /* PBXContainerItemProxy */;
		};
		576FD578222D7881006AB21A /* PBXTargetDependency */ = {
			isa = PBXTargetDependency;
			target = 576FD556222D787E006AB21A /* dot_art */;
			targetProxy = 576FD577222D7881006AB21A /* PBXContainerItemProxy */;
		};
/* End PBXTargetDependency section */

/* Begin PBXVariantGroup section */
		576FD55E222D787F006AB21A /* Main.storyboard */ = {
			isa = PBXVariantGroup;
			children = (
				576FD55F222D787F006AB21A /* Base */,
			);
			name = Main.storyboard;
			sourceTree = "<group>";
		};
		576FD563222D7881006AB21A /* LaunchScreen.storyboard */ = {
			isa = PBXVariantGroup;
			children = (
				576FD564222D7881006AB21A /* Base */,
			);
			name = LaunchScreen.storyboard;
			sourceTree = "<group>";
		};
/* End PBXVariantGroup section */

/* Begin XCBuildConfiguration section */
		576FD57D222D7881006AB21A /* Debug */ = {
			isa = XCBuildConfiguration;
			buildSettings = {
				ALWAYS_SEARCH_USER_PATHS = NO;
				CLANG_ANALYZER_NONNULL = YES;
				CLANG_ANALYZER_NUMBER_OBJECT_CONVERSION = YES_AGGRESSIVE;
				CLANG_CXX_LANGUAGE_STANDARD = "gnu++14";
				CLANG_CXX_LIBRARY = "libc++";
				CLANG_ENABLE_MODULES = YES;
				CLANG_ENABLE_OBJC_ARC = YES;
				CLANG_ENABLE_OBJC_WEAK = YES;
				CLANG_WARN_BLOCK_CAPTURE_AUTORELEASING = YES;
				CLANG_WARN_BOOL_CONVERSION = YES;
				CLANG_WARN_COMMA = YES;
				CLANG_WARN_CONSTANT_CONVERSION = YES;
				CLANG_WARN_DEPRECATED_OBJC_IMPLEMENTATIONS = YES;
				CLANG_WARN_DIRECT_OBJC_ISA_USAGE = YES_ERROR;
				CLANG_WARN_DOCUMENTATION_COMMENTS = YES;
				CLANG_WARN_EMPTY_BODY = YES;
				CLANG_WARN_ENUM_CONVERSION = YES;
				CLANG_WARN_INFINITE_RECURSION = YES;
				CLANG_WARN_INT_CONVERSION = YES;
				CLANG_WARN_NON_LITERAL_NULL_CONVERSION = YES;
				CLANG_WARN_OBJC_IMPLICIT_RETAIN_SELF = YES;
				CLANG_WARN_OBJC_LITERAL_CONVERSION = YES;
				CLANG_WARN_OBJC_ROOT_CLASS = YES_ERROR;
				CLANG_WARN_RANGE_LOOP_ANALYSIS = YES;
				CLANG_WARN_STRICT_PROTOTYPES = YES;
				CLANG_WARN_SUSPICIOUS_MOVE = YES;
				CLANG_WARN_UNGUARDED_AVAILABILITY = YES_AGGRESSIVE;
				CLANG_WARN_UNREACHABLE_CODE = YES;
				CLANG_WARN__DUPLICATE_METHOD_MATCH = YES;
				CODE_SIGN_IDENTITY = "iPhone Developer";
				COPY_PHASE_STRIP = NO;
				DEBUG_INFORMATION_FORMAT = dwarf;
				ENABLE_STRICT_OBJC_MSGSEND = YES;
				ENABLE_TESTABILITY = YES;
				GCC_C_LANGUAGE_STANDARD = gnu11;
				GCC_DYNAMIC_NO_PIC = NO;
				GCC_NO_COMMON_BLOCKS = YES;
				GCC_OPTIMIZATION_LEVEL = 0;
				GCC_PREPROCESSOR_DEFINITIONS = (
					"DEBUG=1",
					"$(inherited)",
				);
				GCC_WARN_64_TO_32_BIT_CONVERSION = YES;
				GCC_WARN_ABOUT_RETURN_TYPE = YES_ERROR;
				GCC_WARN_UNDECLARED_SELECTOR = YES;
				GCC_WARN_UNINITIALIZED_AUTOS = YES_AGGRESSIVE;
				GCC_WARN_UNUSED_FUNCTION = YES;
				GCC_WARN_UNUSED_VARIABLE = YES;
				IPHONEOS_DEPLOYMENT_TARGET = 12.1;
				MTL_ENABLE_DEBUG_INFO = INCLUDE_SOURCE;
				MTL_FAST_MATH = YES;
				ONLY_ACTIVE_ARCH = YES;
				SDKROOT = iphoneos;
				SWIFT_ACTIVE_COMPILATION_CONDITIONS = DEBUG;
				SWIFT_OPTIMIZATION_LEVEL = "-Onone";
			};
			name = Debug;
		};
		576FD57E222D7881006AB21A /* Release */ = {
			isa = XCBuildConfiguration;
			buildSettings = {
				ALWAYS_SEARCH_USER_PATHS = NO;
				CLANG_ANALYZER_NONNULL = YES;
				CLANG_ANALYZER_NUMBER_OBJECT_CONVERSION = YES_AGGRESSIVE;
				CLANG_CXX_LANGUAGE_STANDARD = "gnu++14";
				CLANG_CXX_LIBRARY = "libc++";
				CLANG_ENABLE_MODULES = YES;
				CLANG_ENABLE_OBJC_ARC = YES;
				CLANG_ENABLE_OBJC_WEAK = YES;
				CLANG_WARN_BLOCK_CAPTURE_AUTORELEASING = YES;
				CLANG_WARN_BOOL_CONVERSION = YES;
				CLANG_WARN_COMMA = YES;
				CLANG_WARN_CONSTANT_CONVERSION = YES;
				CLANG_WARN_DEPRECATED_OBJC_IMPLEMENTATIONS = YES;
				CLANG_WARN_DIRECT_OBJC_ISA_USAGE = YES_ERROR;
				CLANG_WARN_DOCUMENTATION_COMMENTS = YES;
				CLANG_WARN_EMPTY_BODY = YES;
				CLANG_WARN_ENUM_CONVERSION = YES;
				CLANG_WARN_INFINITE_RECURSION = YES;
				CLANG_WARN_INT_CONVERSION = YES;
				CLANG_WARN_NON_LITERAL_NULL_CONVERSION = YES;
				CLANG_WARN_OBJC_IMPLICIT_RETAIN_SELF = YES;
				CLANG_WARN_OBJC_LITERAL_CONVERSION = YES;
				CLANG_WARN_OBJC_ROOT_CLASS = YES_ERROR;
				CLANG_WARN_RANGE_LOOP_ANALYSIS = YES;
				CLANG_WARN_STRICT_PROTOTYPES = YES;
				CLANG_WARN_SUSPICIOUS_MOVE = YES;
				CLANG_WARN_UNGUARDED_AVAILABILITY = YES_AGGRESSIVE;
				CLANG_WARN_UNREACHABLE_CODE = YES;
				CLANG_WARN__DUPLICATE_METHOD_MATCH = YES;
				CODE_SIGN_IDENTITY = "iPhone Developer";
				COPY_PHASE_STRIP = NO;
				DEBUG_INFORMATION_FORMAT = "dwarf-with-dsym";
				ENABLE_NS_ASSERTIONS = NO;
				ENABLE_STRICT_OBJC_MSGSEND = YES;
				GCC_C_LANGUAGE_STANDARD = gnu11;
				GCC_NO_COMMON_BLOCKS = YES;
				GCC_WARN_64_TO_32_BIT_CONVERSION = YES;
				GCC_WARN_ABOUT_RETURN_TYPE = YES_ERROR;
				GCC_WARN_UNDECLARED_SELECTOR = YES;
				GCC_WARN_UNINITIALIZED_AUTOS = YES_AGGRESSIVE;
				GCC_WARN_UNUSED_FUNCTION = YES;
				GCC_WARN_UNUSED_VARIABLE = YES;
				IPHONEOS_DEPLOYMENT_TARGET = 12.1;
				MTL_ENABLE_DEBUG_INFO = NO;
				MTL_FAST_MATH = YES;
				SDKROOT = iphoneos;
				SWIFT_COMPILATION_MODE = wholemodule;
				SWIFT_OPTIMIZATION_LEVEL = "-O";
				VALIDATE_PRODUCT = YES;
			};
			name = Release;
		};
		576FD580222D7881006AB21A /* Debug */ = {
			isa = XCBuildConfiguration;
			buildSettings = {
				ASSETCATALOG_COMPILER_APPICON_NAME = AppIcon;
				CODE_SIGN_STYLE = Automatic;
				INFOPLIST_FILE = dot_art/Info.plist;
				LD_RUNPATH_SEARCH_PATHS = (
					"$(inherited)",
					"@executable_path/Frameworks",
				);
				PRODUCT_BUNDLE_IDENTIFIER = "river.dot-art";
				PRODUCT_NAME = "$(TARGET_NAME)";
				SWIFT_VERSION = 4.2;
				TARGETED_DEVICE_FAMILY = "1,2";
			};
			name = Debug;
		};
		576FD581222D7881006AB21A /* Release */ = {
			isa = XCBuildConfiguration;
			buildSettings = {
				ASSETCATALOG_COMPILER_APPICON_NAME = AppIcon;
				CODE_SIGN_STYLE = Automatic;
				INFOPLIST_FILE = dot_art/Info.plist;
				LD_RUNPATH_SEARCH_PATHS = (
					"$(inherited)",
					"@executable_path/Frameworks",
				);
				PRODUCT_BUNDLE_IDENTIFIER = "river.dot-art";
				PRODUCT_NAME = "$(TARGET_NAME)";
				SWIFT_VERSION = 4.2;
				TARGETED_DEVICE_FAMILY = "1,2";
			};
			name = Release;
		};
		576FD583222D7881006AB21A /* Debug */ = {
			isa = XCBuildConfiguration;
			buildSettings = {
				ALWAYS_EMBED_SWIFT_STANDARD_LIBRARIES = YES;
				BUNDLE_LOADER = "$(TEST_HOST)";
				CODE_SIGN_STYLE = Automatic;
				INFOPLIST_FILE = dot_artTests/Info.plist;
				LD_RUNPATH_SEARCH_PATHS = (
					"$(inherited)",
					"@executable_path/Frameworks",
					"@loader_path/Frameworks",
				);
				PRODUCT_BUNDLE_IDENTIFIER = "river.dot-artTests";
				PRODUCT_NAME = "$(TARGET_NAME)";
				SWIFT_VERSION = 4.2;
				TARGETED_DEVICE_FAMILY = "1,2";
				TEST_HOST = "$(BUILT_PRODUCTS_DIR)/dot_art.app/dot_art";
			};
			name = Debug;
		};
		576FD584222D7881006AB21A /* Release */ = {
			isa = XCBuildConfiguration;
			buildSettings = {
				ALWAYS_EMBED_SWIFT_STANDARD_LIBRARIES = YES;
				BUNDLE_LOADER = "$(TEST_HOST)";
				CODE_SIGN_STYLE = Automatic;
				INFOPLIST_FILE = dot_artTests/Info.plist;
				LD_RUNPATH_SEARCH_PATHS = (
					"$(inherited)",
					"@executable_path/Frameworks",
					"@loader_path/Frameworks",
				);
				PRODUCT_BUNDLE_IDENTIFIER = "river.dot-artTests";
				PRODUCT_NAME = "$(TARGET_NAME)";
				SWIFT_VERSION = 4.2;
				TARGETED_DEVICE_FAMILY = "1,2";
				TEST_HOST = "$(BUILT_PRODUCTS_DIR)/dot_art.app/dot_art";
			};
			name = Release;
		};
		576FD586222D7881006AB21A /* Debug */ = {
			isa = XCBuildConfiguration;
			buildSettings = {
				ALWAYS_EMBED_SWIFT_STANDARD_LIBRARIES = YES;
				CODE_SIGN_STYLE = Automatic;
				INFOPLIST_FILE = dot_artUITests/Info.plist;
				LD_RUNPATH_SEARCH_PATHS = (
					"$(inherited)",
					"@executable_path/Frameworks",
					"@loader_path/Frameworks",
				);
				PRODUCT_BUNDLE_IDENTIFIER = "river.dot-artUITests";
				PRODUCT_NAME = "$(TARGET_NAME)";
				SWIFT_VERSION = 4.2;
				TARGETED_DEVICE_FAMILY = "1,2";
				TEST_TARGET_NAME = dot_art;
			};
			name = Debug;
		};
		576FD587222D7881006AB21A /* Release */ = {
			isa = XCBuildConfiguration;
			buildSettings = {
				ALWAYS_EMBED_SWIFT_STANDARD_LIBRARIES = YES;
				CODE_SIGN_STYLE = Automatic;
				INFOPLIST_FILE = dot_artUITests/Info.plist;
				LD_RUNPATH_SEARCH_PATHS = (
					"$(inherited)",
					"@executable_path/Frameworks",
					"@loader_path/Frameworks",
				);
				PRODUCT_BUNDLE_IDENTIFIER = "river.dot-artUITests";
				PRODUCT_NAME = "$(TARGET_NAME)";
				SWIFT_VERSION = 4.2;
				TARGETED_DEVICE_FAMILY = "1,2";
				TEST_TARGET_NAME = dot_art;
			};
			name = Release;
		};
/* End XCBuildConfiguration section */

/* Begin XCConfigurationList section */
		576FD552222D787E006AB21A /* Build configuration list for PBXProject "dot_art" */ = {
			isa = XCConfigurationList;
			buildConfigurations = (
				576FD57D222D7881006AB21A /* Debug */,
				576FD57E222D7881006AB21A /* Release */,
			);
			defaultConfigurationIsVisible = 0;
			defaultConfigurationName = Release;
		};
		576FD57F222D7881006AB21A /* Build configuration list for PBXNativeTarget "dot_art" */ = {
			isa = XCConfigurationList;
			buildConfigurations = (
				576FD580222D7881006AB21A /* Debug */,
				576FD581222D7881006AB21A /* Release */,
			);
			defaultConfigurationIsVisible = 0;
			defaultConfigurationName = Release;
		};
		576FD582222D7881006AB21A /* Build configuration list for PBXNativeTarget "dot_artTests" */ = {
			isa = XCConfigurationList;
			buildConfigurations = (
				576FD583222D7881006AB21A /* Debug */,
				576FD584222D7881006AB21A /* Release */,
			);
			defaultConfigurationIsVisible = 0;
			defaultConfigurationName = Release;
		};
		576FD585222D7881006AB21A /* Build configuration list for PBXNativeTarget "dot_artUITests" */ = {
			isa = XCConfigurationList;
			buildConfigurations = (
				576FD586222D7881006AB21A /* Debug */,
				576FD587222D7881006AB21A /* Release */,
			);
			defaultConfigurationIsVisible = 0;
			defaultConfigurationName = Release;
		};
/* End XCConfigurationList section */
	};
	rootObject = 576FD54F222D787E006AB21A /* Project object */;
}
